<?xml version="1.0" encoding="utf-8"?>
<Project ToolsVersion="4.0" xmlns="http://schemas.microsoft.com/developer/msbuild/2003">
  <ItemGroup>
    <Filter Include="源文件">
      <UniqueIdentifier>{4FC737F1-C7A5-4376-A066-2A32D752A2FF}</UniqueIdentifier>
      <Extensions>cpp;c;cc;cxx;def;odl;idl;hpj;bat;asm;asmx</Extensions>
    </Filter>
    <Filter Include="头文件">
      <UniqueIdentifier>{93995380-89BD-4b04-88EB-625FBE52EBFB}</UniqueIdentifier>
      <Extensions>h;hh;hpp;hxx;hm;inl;inc;xsd</Extensions>
    </Filter>
    <Filter Include="资源文件">
      <UniqueIdentifier>{67DA6AB6-F800-4c08-8B7A-83BB121AAD01}</UniqueIdentifier>
      <Extensions>rc;ico;cur;bmp;dlg;rc2;rct;bin;rgs;gif;jpg;jpeg;jpe;resx;tiff;tif;png;wav;mfcribbon-ms</Extensions>
    </Filter>
    <Filter Include="Lua">
      <UniqueIdentifier>{23a7689b-b8e3-43f7-8e7d-df45b2992d74}</UniqueIdentifier>
    </Filter>
    <Filter Include="源文件\test">
      <UniqueIdentifier>{834ad840-766d-4e27-95a6-740ce8bc380a}</UniqueIdentifier>
    </Filter>
    <Filter Include="资源文件\lua_res">
      <UniqueIdentifier>{1b0e8a8b-c178-4364-91ea-4fd2e46e9778}</UniqueIdentifier>
    </Filter>
  </ItemGroup>
  <ItemGroup>
    <Text Include="ReadMe.txt" />
  </ItemGroup>
  <ItemGroup>
    <ClInclude Include="stdafx.h">
      <Filter>头文件</Filter>
    </ClInclude>
    <ClInclude Include="targetver.h">
      <Filter>头文件</Filter>
    </ClInclude>
    <ClInclude Include="lapi.h">
      <Filter>Lua</Filter>
    </ClInclude>
    <ClInclude Include="lauxlib.h">
      <Filter>Lua</Filter>
    </ClInclude>
    <ClInclude Include="lcode.h">
      <Filter>Lua</Filter>
    </ClInclude>
    <ClInclude Include="lctype.h">
      <Filter>Lua</Filter>
    </ClInclude>
    <ClInclude Include="ldebug.h">
      <Filter>Lua</Filter>
    </ClInclude>
    <ClInclude Include="ldo.h">
      <Filter>Lua</Filter>
    </ClInclude>
    <ClInclude Include="lfunc.h">
      <Filter>Lua</Filter>
    </ClInclude>
    <ClInclude Include="lgc.h">
      <Filter>Lua</Filter>
    </ClInclude>
    <ClInclude Include="llex.h">
      <Filter>Lua</Filter>
    </ClInclude>
    <ClInclude Include="llimits.h">
      <Filter>Lua</Filter>
    </ClInclude>
    <ClInclude Include="lmem.h">
      <Filter>Lua</Filter>
    </ClInclude>
    <ClInclude Include="lobject.h">
      <Filter>Lua</Filter>
    </ClInclude>
    <ClInclude Include="lopcodes.h">
      <Filter>Lua</Filter>
    </ClInclude>
    <ClInclude Include="lparser.h">
      <Filter>Lua</Filter>
    </ClInclude>
    <ClInclude Include="lprefix.h">
      <Filter>Lua</Filter>
    </ClInclude>
    <ClInclude Include="lstate.h">
      <Filter>Lua</Filter>
    </ClInclude>
    <ClInclude Include="lstring.h">
      <Filter>Lua</Filter>
    </ClInclude>
    <ClInclude Include="ltable.h">
      <Filter>Lua</Filter>
    </ClInclude>
    <ClInclude Include="ltm.h">
      <Filter>Lua</Filter>
    </ClInclude>
    <ClInclude Include="lua.h">
      <Filter>Lua</Filter>
    </ClInclude>
    <ClInclude Include="luaconf.h">
      <Filter>Lua</Filter>
    </ClInclude>
    <ClInclude Include="lualib.h">
      <Filter>Lua</Filter>
    </ClInclude>
    <ClInclude Include="lundump.h">
      <Filter>Lua</Filter>
    </ClInclude>
    <ClInclude Include="lvm.h">
      <Filter>Lua</Filter>
    </ClInclude>
    <ClInclude Include="lzio.h">
      <Filter>Lua</Filter>
    </ClInclude>
    <ClInclude Include="lua.hpp">
      <Filter>头文件</Filter>
    </ClInclude>
    <ClInclude Include="test1\jiazailuawenjian.h">
      <Filter>源文件\test</Filter>
    </ClInclude>
    <ClInclude Include="test1\runluastr.h">
      <Filter>源文件\test</Filter>
    </ClInclude>
  </ItemGroup>
  <ItemGroup>
    <ClCompile Include="stdafx.cpp">
      <Filter>源文件</Filter>
    </ClCompile>
    <ClCompile Include="LuaALL.cpp">
      <Filter>源文件</Filter>
    </ClCompile>
    <ClCompile Include="lapi.c">
      <Filter>Lua</Filter>
    </ClCompile>
    <ClCompile Include="lauxlib.c">
      <Filter>Lua</Filter>
    </ClCompile>
    <ClCompile Include="lbaselib.c">
      <Filter>Lua</Filter>
    </ClCompile>
    <ClCompile Include="lbitlib.c">
      <Filter>Lua</Filter>
    </ClCompile>
    <ClCompile Include="lcode.c">
      <Filter>Lua</Filter>
    </ClCompile>
    <ClCompile Include="lcorolib.c">
      <Filter>Lua</Filter>
    </ClCompile>
    <ClCompile Include="lctype.c">
      <Filter>Lua</Filter>
    </ClCompile>
    <ClCompile Include="ldblib.c">
      <Filter>Lua</Filter>
    </ClCompile>
    <ClCompile Include="ldebug.c">
      <Filter>Lua</Filter>
    </ClCompile>
    <ClCompile Include="ldo.c">
      <Filter>Lua</Filter>
    </ClCompile>
    <ClCompile Include="ldump.c">
      <Filter>Lua</Filter>
    </ClCompile>
    <ClCompile Include="lfunc.c">
      <Filter>Lua</Filter>
    </ClCompile>
    <ClCompile Include="lgc.c">
      <Filter>Lua</Filter>
    </ClCompile>
    <ClCompile Include="linit.c">
      <Filter>Lua</Filter>
    </ClCompile>
    <ClCompile Include="liolib.c">
      <Filter>Lua</Filter>
    </ClCompile>
    <ClCompile Include="llex.c">
      <Filter>Lua</Filter>
    </ClCompile>
    <ClCompile Include="lmathlib.c">
      <Filter>Lua</Filter>
    </ClCompile>
    <ClCompile Include="lmem.c">
      <Filter>Lua</Filter>
    </ClCompile>
    <ClCompile Include="loadlib.c">
      <Filter>Lua</Filter>
    </ClCompile>
    <ClCompile Include="lobject.c">
      <Filter>Lua</Filter>
    </ClCompile>
    <ClCompile Include="lopcodes.c">
      <Filter>Lua</Filter>
    </ClCompile>
    <ClCompile Include="loslib.c">
      <Filter>Lua</Filter>
    </ClCompile>
    <ClCompile Include="lparser.c">
      <Filter>Lua</Filter>
    </ClCompile>
    <ClCompile Include="lstate.c">
      <Filter>Lua</Filter>
    </ClCompile>
    <ClCompile Include="lstring.c">
      <Filter>Lua</Filter>
    </ClCompile>
    <ClCompile Include="lstrlib.c">
      <Filter>Lua</Filter>
    </ClCompile>
    <ClCompile Include="ltable.c">
      <Filter>Lua</Filter>
    </ClCompile>
    <ClCompile Include="ltablib.c">
      <Filter>Lua</Filter>
    </ClCompile>
    <ClCompile Include="ltm.c">
      <Filter>Lua</Filter>
    </ClCompile>
    <ClCompile Include="lundump.c">
      <Filter>Lua</Filter>
    </ClCompile>
    <ClCompile Include="lutf8lib.c">
      <Filter>Lua</Filter>
    </ClCompile>
    <ClCompile Include="lvm.c">
      <Filter>Lua</Filter>
    </ClCompile>
    <ClCompile Include="lzio.c">
      <Filter>Lua</Filter>
    </ClCompile>
    <ClCompile Include="test1\jiazailuawenjian.cpp">
      <Filter>源文件\test</Filter>
    </ClCompile>
    <ClCompile Include="test1\runluastr.cpp">
      <Filter>源文件\test</Filter>
    </ClCompile>
  </ItemGroup>
  <ItemGroup>
    <None Include="lua_res1\config_background.lua">
      <Filter>资源文件\lua_res</Filter>
    </None>
    <None Include="lua_res1\config_w_h.lua">
      <Filter>资源文件\lua_res</Filter>
    </None>
    <None Include="lua_res1\main.lua">
      <Filter>资源文件\lua_res</Filter>
    </None>
    <None Include="lua_res1\printTable.lua">
      <Filter>资源文件\lua_res</Filter>
    </None>
  </ItemGroup>
</Project>